
Microsoft Visual Studio Solution File, Format Version 12.00
# Visual Studio Version 17
VisualStudioVersion = 17.6.33815.320
MinimumVisualStudioVersion = 10.0.40219.1
Project("{FAE04EC0-301F-11D3-BF4B-00C04F79EFBC}") = "backend", "backend\backend.csproj", "{1E3AC833-DD9E-4614-959A-DA7D5B7D8029}"
EndProject
Global
	GlobalSection(SolutionConfigurationPlatforms) = preSolution
		Debug|Any CPU = Debug|Any CPU
		Release|Any CPU = Release|Any CPU
	EndGlobalSection
	GlobalSection(ProjectConfigurationPlatforms) = postSolution
		{1E3AC833-DD9E-4614-959A-DA7D5B7D8029}.Debug|Any CPU.ActiveCfg = Debug|Any CPU
		{1E3AC833-DD9E-4614-959A-DA7D5B7D8029}.Debug|Any CPU.Build.0 = Debug|Any CPU
		{1E3AC833-DD9E-4614-959A-DA7D5B7D8029}.Release|Any CPU.ActiveCfg = Release|Any CPU
		{1E3AC833-DD9E-4614-959A-DA7D5B7D8029}.Release|Any CPU.Build.0 = Release|Any CPU
	EndGlobalSection
	GlobalSection(SolutionProperties) = preSolution
		HideSolutionNode = FALSE
	EndGlobalSection
	GlobalSection(ExtensibilityGlobals) = postSolution
		SolutionGuid = {43AA74DD-D91F-4F27-977E-4B6ED65BB77B}
	EndGlobalSection
EndGlobal
